
Microsoft Visual Studio Solution File, Format Version 12.00
# Visual Studio Version 17
VisualStudioVersion = 17.8.34511.84
MinimumVisualStudioVersion = 10.0.40219.1
Project("{FAE04EC0-301F-11D3-BF4B-00C04F79EFBC}") = "CommitIteratorUnityBuilder", "CommitIteratorUnityBuilder\CommitIteratorUnityBuilder.csproj", "{B6773800-B7D1-4C74-AD65-95BA708FD07B}"
EndProject
Global
	GlobalSection(SolutionConfigurationPlatforms) = preSolution
		Debug|Any CPU = Debug|Any CPU
		Release|Any CPU = Release|Any CPU
	EndGlobalSection
	GlobalSection(ProjectConfigurationPlatforms) = postSolution
		{B6773800-B7D1-4C74-AD65-95BA708FD07B}.Debug|Any CPU.ActiveCfg = Debug|Any CPU
		{B6773800-B7D1-4C74-AD65-95BA708FD07B}.Debug|Any CPU.Build.0 = Debug|Any CPU
		{B6773800-B7D1-4C74-AD65-95BA708FD07B}.Release|Any CPU.ActiveCfg = Release|Any CPU
		{B6773800-B7D1-4C74-AD65-95BA708FD07B}.Release|Any CPU.Build.0 = Release|Any CPU
	EndGlobalSection
	GlobalSection(SolutionProperties) = preSolution
		HideSolutionNode = FALSE
	EndGlobalSection
	GlobalSection(ExtensibilityGlobals) = postSolution
		SolutionGuid = {231E81DE-6FAA-4605-82AA-839AE6ADC952}
	EndGlobalSection
EndGlobal
